
Microsoft Visual Studio Solution File, Format Version 12.00
# Visual Studio 14
VisualStudioVersion = 14.0.24720.0
MinimumVisualStudioVersion = 10.0.40219.1
Project("{FAE04EC0-301F-11D3-BF4B-00C04F79EFBC}") = "Homework_19-20", "Homework_19-20\Homework_19-20.csproj", "{4D331633-64BA-4CB9-9E63-ADCEB13D9D3F}"
EndProject
Project("{FAE04EC0-301F-11D3-BF4B-00C04F79EFBC}") = "Homework_19-20_3", "Homework_19-20_3\Homework_19-20_3.csproj", "{F6E69F58-5125-4CF4-872E-D1C314940401}"
EndProject
Global
	GlobalSection(SolutionConfigurationPlatforms) = preSolution
		Debug|Any CPU = Debug|Any CPU
		Release|Any CPU = Release|Any CPU
	EndGlobalSection
	GlobalSection(ProjectConfigurationPlatforms) = postSolution
		{4D331633-64BA-4CB9-9E63-ADCEB13D9D3F}.Debug|Any CPU.ActiveCfg = Debug|Any CPU
		{4D331633-64BA-4CB9-9E63-ADCEB13D9D3F}.Debug|Any CPU.Build.0 = Debug|Any CPU
		{4D331633-64BA-4CB9-9E63-ADCEB13D9D3F}.Release|Any CPU.ActiveCfg = Release|Any CPU
		{4D331633-64BA-4CB9-9E63-ADCEB13D9D3F}.Release|Any CPU.Build.0 = Release|Any CPU
		{F6E69F58-5125-4CF4-872E-D1C314940401}.Debug|Any CPU.ActiveCfg = Debug|Any CPU
		{F6E69F58-5125-4CF4-872E-D1C314940401}.Debug|Any CPU.Build.0 = Debug|Any CPU
		{F6E69F58-5125-4CF4-872E-D1C314940401}.Release|Any CPU.ActiveCfg = Release|Any CPU
		{F6E69F58-5125-4CF4-872E-D1C314940401}.Release|Any CPU.Build.0 = Release|Any CPU
	EndGlobalSection
	GlobalSection(SolutionProperties) = preSolution
		HideSolutionNode = FALSE
	EndGlobalSection
EndGlobal
